id: channels_phase_bal
label: 相位均衡器

parameters:
-   id: alpha
    label: Alpha
    dtype: float
    default: '0'

inputs:
-   domain: stream
    dtype: complex

outputs:
-   domain: stream
    dtype: complex

templates:
    imports: from luowaveradio import channels
    make: channels.phase_bal(${alpha})
    callbacks:
    - set_alpha(${alpha})

file_format: 1
