id: blocks_complex_to_real
label: 复数实部抽取器
flags: [ python, cpp ]

parameters:
-   id: vlen
    label: Vec Length
    dtype: int
    default: '1'
    hide: ${ 'part' if vlen == 1 else 'none' }

inputs:
-   domain: stream
    dtype: complex
    vlen: ${ vlen }

outputs:
-   label: re
    domain: stream
    dtype: float
    vlen: ${ vlen }

asserts:
- ${ vlen > 0 }

templates:
    imports: from luowaveradio import blocks
    make: blocks.complex_to_real(${vlen})

cpp_templates:
    includes: ['#include <luowaveradio/blocks/complex_to_real.h>']
    declarations: 'blocks::complex_to_real::sptr ${id};'
    make: 'this->${id} = blocks::complex_to_real::make(${vlen});'

file_format: 1
