id: blocks_conjugate_cc
label: 复共轭运算器
flags: [ python, cpp ]

inputs:
-   domain: stream
    dtype: complex

outputs:
-   domain: stream
    dtype: complex

templates:
    imports: from luowaveradio import blocks
    make: blocks.conjugate_cc()

cpp_templates:
    includes: ['#include <luowaveradio/blocks/conjugate_cc.h>']
    declarations: 'blocks::conjugate_cc::sptr ${id};'
    make: 'this->${id} = blocks::conjugate_cc::make();'
file_format: 1
