id: blocks_complex_to_float
label: 复数类型至浮点类型转换器
flags: [ python, cpp ]

parameters:
-   id: vlen
    label: Vec Length
    dtype: int
    default: '1'
    hide: ${ 'part' if vlen == 1 else 'none' }

inputs:
-   domain: stream
    dtype: complex
    vlen: ${ vlen }

outputs:
-   label: re
    domain: stream
    dtype: float
    vlen: ${ vlen }
-   label: im
    domain: stream
    dtype: float
    vlen: ${ vlen }
    optional: true

asserts:
- ${ vlen > 0 }

templates:
    imports: from luowaveradio import blocks
    make: blocks.complex_to_float(${vlen})

cpp_templates:
    includes: ['#include <luowaveradio/blocks/complex_to_float.h>']
    declarations: 'blocks::complex_to_float::sptr ${id};'
    make: 'this->${id} = blocks::complex_to_float::make(${vlen});'

file_format: 1
