id: filterbank_vcvcf
label: 通用滤波器组
flags: [ python, cpp ]

parameters:
-   id: taps
    label: Taps(list of lists)
    dtype: raw
    hide: ${ 'part' if vlen == 1 else 'none' }

inputs:
-   domain: stream
    dtype: complex
    vlen: ${ len(taps) }

outputs:
-   domain: stream
    dtype: complex
    vlen: ${ len(taps) }

templates:
    imports: from luowaveradio import filter
    make: filter.filterbank_vcvcf(${taps})
    callbacks:
    - set_taps(${taps})

cpp_templates:
    includes: ['#include <luowaveradio/filter/filterbank_vcvcf.h>']
    declarations: 'filter::filterbank_vcvcf::sptr ${id};'
    make: |-
        this->${id} = filter::filterbank_vcvcf::make( 
            ${taps});
    link: ['luowaveradio-filter']
    callbacks:
    - set_taps(${taps})

file_format: 1
