id: digital_kurtotic_equalizer_cc
label: 基于峰度均衡器
flags: [ python, cpp ]

parameters:
-   id: num_taps
    label: Num. Taps
    dtype: int
-   id: mu
    label: Mu
    dtype: real

inputs:
-   domain: stream
    dtype: complex

outputs:
-   domain: stream
    dtype: complex

templates:
    imports: from luowaveradio import digital
    make: digital.kurtotic_equalizer_cc(${num_taps}, ${mu})
    callbacks:
    - set_gain(${mu})

cpp_templates:
    includes: ['#include <luowaveradio/digital/kurtotic_equalizer_cc.h>']
    declarations: 'digital::kurtotic_equalizer_cc::sptr ${id};'
    make: 'this->${id} = digital::kurtotic_equalizer_cc::make(${num_taps}, ${mu});'
    link: ['luowaveradio-digital']
    callbacks:
    - set_gain(${mu})

file_format: 1
