id: digital_binary_slicer_fb
label: 二进制切片器
flags: [ python, cpp ]

inputs:
-   domain: stream
    dtype: float

outputs:
-   domain: stream
    dtype: byte

templates:
    imports: from luowaveradio import digital
    make: digital.binary_slicer_fb()

cpp_templates:
    includes: [ '#include <luowaveradio/digital/binary_slicer_fb.h>' ]
    declarations: 'digital::binary_slicer_fb::sptr ${id};'
    make: |-
        this->${id} = digital::binary_slicer_fb::make();
    link: ['luowaveradio-digital']

file_format: 1
