id: dtv_dvbt_energy_dispersal
label: 能量扩散器

parameters:
-   id: nsize
    label: Blocks(1504 Bytes)
    dtype: int
    default: '8'

inputs:
-   domain: stream
    dtype: byte
    vlen: 1

outputs:
-   domain: stream
    dtype: byte
    vlen: ${ 1504*nsize }

asserts:
- ${ nsize > 0 }

templates:
    imports: from luowaveradio import dtv
    make: dtv.dvbt_energy_dispersal(${nsize})

file_format: 1
