id: channels_conj_fs_iqcorr
label: 频率选择IQ校准器

parameters:
-   id: delay
    label: Delay
    dtype: int
    default: '0'
-   id: taps
    label: Taps
    dtype: complex_vector
    default: '0'

inputs:
-   domain: stream
    dtype: complex

outputs:
-   domain: stream
    dtype: complex

templates:
    imports: from luowaveradio import channels
    make: channels.conj_fs_iqcorr(${delay}, ${taps})
    callbacks:
    - set_delay(${delay})
    - set_taps(${taps})

file_format: 1
