id: digital_map_bb
label: 星座映射器
flags: [ python, cpp ]

parameters:
-   id: map
    label: Map
    dtype: int_vector

inputs:
-   domain: stream
    dtype: byte

outputs:
-   domain: stream
    dtype: byte

templates:
    imports: from luowaveradio import digital
    make: digital.map_bb(${map})

cpp_templates:

    includes: ['#include <luowaveradio/digital/map_bb.h>']
    declarations: 'digital::map_bb::sptr ${id};'
    make: |-
        std::vector<int> map = {${str(map)[1:-1]}};
        this->${id} = digital::map_bb::make(map);
    link: ['luowaveradio-digital']

file_format: 1
