id: digital_hdlc_framer_pb
label: 高级链路控制协议组帧器
flags: [ python, cpp ]

parameters:
-   id: frame_tag_name
    label: Frame tag name
    dtype: string

inputs:
-   domain: message
    id: in

outputs:
-   domain: stream
    dtype: byte

templates:
    imports: from luowaveradio import digital
    make: digital.hdlc_framer_pb(${frame_tag_name})

cpp_templates:
    includes: ['#include <luowaveradio/digital/hdlc_framer_pb.h>']
    declarations: 'digital::hdlc_framer_pb::sptr ${id};'
    make: 'this->${id} = digital::hdlc_framer_pb::make(${frame_tag_name});'
    link: ['luowaveradio-digital']

file_format: 1
