id: digital_diff_encoder_bb
label: 差分编码器
flags: [ python, cpp ]

parameters:
-   id: modulus
    label: Modulus
    dtype: int

inputs:
-   domain: stream
    dtype: byte

outputs:
-   domain: stream
    dtype: byte

templates:
    imports: from luowaveradio import digital
    make: digital.diff_encoder_bb(${modulus})

cpp_templates:
    includes: ['#include <luowaveradio/digital/diff_encoder_bb.h>']
    declarations: 'digital::diff_encoder_bb::sptr ${id};'
    make: |-
        this->${id} = digital::diff_encoder_bb::make(${modulus});
    link: ['luowaveradio-digital']

file_format: 1
